{
  "name": "clean",
  "version": "1.0.0",
  "lockfileVersion": 1,
  "requires": true,
  "dependencies": {
    "d3-binarytree": {
      "version": "0.1.2",
      "resolved": "https://registry.npmjs.org/d3-binarytree/-/d3-binarytree-0.1.2.tgz",
      "integrity": "sha1-Y+J3TxNpG72REqgLXtbpkCsyfwo="
    },
    "d3-collection": {
      "version": "1.0.4",
      "resolved": "https://registry.npmjs.org/d3-collection/-/d3-collection-1.0.4.tgz",
      "integrity": "sha1-NC39EoN8kJdPM/HMCnha6lcNzcI="
    },
    "d3-dispatch": {
      "version": "1.0.3",
      "resolved": "https://registry.npmjs.org/d3-dispatch/-/d3-dispatch-1.0.3.tgz",
      "integrity": "sha1-RuFJHqqbWMNY/OW+TovtYm54cfg="
    },
    "d3-force-3d": {
      "version": "1.0.7",
      "resolved": "https://registry.npmjs.org/d3-force-3d/-/d3-force-3d-1.0.7.tgz",
      "integrity": "sha1-krF/g/eYRyxSvJ8NV1tnHp7lt/w=",
      "requires": {
        "d3-binarytree": "0.1.2",
        "d3-collection": "1.0.4",
        "d3-dispatch": "1.0.3",
        "d3-octree": "0.1.2",
        "d3-quadtree": "1.0.3",
        "d3-timer": "1.0.7"
      }
    },
    "d3-octree": {
      "version": "0.1.2",
      "resolved": "https://registry.npmjs.org/d3-octree/-/d3-octree-0.1.2.tgz",
      "integrity": "sha1-N7+RnfeeZh7aWGWSHrbKfwOJf8w="
    },
    "d3-quadtree": {
      "version": "1.0.3",
      "resolved": "https://registry.npmjs.org/d3-quadtree/-/d3-quadtree-1.0.3.tgz",
      "integrity": "sha1-rHmH4+I/6AWpkPKOG1DTj8uCJDg="
    },
    "d3-timer": {
      "version": "1.0.7",
      "resolved": "https://registry.npmjs.org/d3-timer/-/d3-timer-1.0.7.tgz",
      "integrity": "sha512-vMZXR88XujmG/L5oB96NNKH5lCWwiLM/S2HyyAQLcjWJCloK5shxta4CwOFYLZoY3AWX73v8Lgv4cCAdWtRmOA=="
    },
    "ngraph.events": {
      "version": "0.0.3",
      "resolved": "https://registry.npmjs.org/ngraph.events/-/ngraph.events-0.0.3.tgz",
      "integrity": "sha1-OPVTFvPSB61jH/lPZiLKjywOh9A="
    },
    "ngraph.expose": {
      "version": "0.0.0",
      "resolved": "https://registry.npmjs.org/ngraph.expose/-/ngraph.expose-0.0.0.tgz",
      "integrity": "sha1-dGw0kDo4SMRdAzsUvGRhnqhf5ao="
    },
    "ngraph.forcelayout": {
      "version": "0.0.22",
      "resolved": "https://registry.npmjs.org/ngraph.forcelayout/-/ngraph.forcelayout-0.0.22.tgz",
      "integrity": "sha1-2sa+5PJBC4J6UfM+OnbTDZkGSec=",
      "requires": {
        "ngraph.events": "0.0.3",
        "ngraph.physics.simulator": "0.0.12"
      }
    },
    "ngraph.forcelayout3d": {
      "version": "0.0.16",
      "resolved": "https://registry.npmjs.org/ngraph.forcelayout3d/-/ngraph.forcelayout3d-0.0.16.tgz",
      "integrity": "sha1-zp2d9eEmmJPOdFPuuPtTwYlgosE=",
      "requires": {
        "ngraph.expose": "0.0.0",
        "ngraph.forcelayout": "0.0.22",
        "ngraph.merge": "0.0.1",
        "ngraph.physics.primitives": "0.0.7",
        "ngraph.quadtreebh3d": "0.0.3",
        "ngraph.random": "0.0.1"
      }
    },
    "ngraph.graph": {
      "version": "0.0.14",
      "resolved": "https://registry.npmjs.org/ngraph.graph/-/ngraph.graph-0.0.14.tgz",
      "integrity": "sha1-1HrJSWfJIKr3aVLYpOczRuHfLbc=",
      "requires": {
        "ngraph.events": "0.0.3"
      }
    },
    "ngraph.merge": {
      "version": "0.0.1",
      "resolved": "https://registry.npmjs.org/ngraph.merge/-/ngraph.merge-0.0.1.tgz",
      "integrity": "sha1-5OgM43WBo8lrF9VF46Q8hUNLkCU="
    },
    "ngraph.physics.primitives": {
      "version": "0.0.7",
      "resolved": "https://registry.npmjs.org/ngraph.physics.primitives/-/ngraph.physics.primitives-0.0.7.tgz",
      "integrity": "sha1-Xcnhebofkubex3SwHNaJFBILeVs="
    },
    "ngraph.physics.simulator": {
      "version": "0.0.12",
      "resolved": "https://registry.npmjs.org/ngraph.physics.simulator/-/ngraph.physics.simulator-0.0.12.tgz",
      "integrity": "sha1-JMhZxEDeo2zV2yBbqAoW8SEXQnk=",
      "requires": {
        "ngraph.events": "0.0.3",
        "ngraph.expose": "0.0.0",
        "ngraph.merge": "0.0.1",
        "ngraph.physics.primitives": "0.0.7",
        "ngraph.quadtreebh": "0.0.3",
        "ngraph.random": "0.0.1"
      }
    },
    "ngraph.quadtreebh": {
      "version": "0.0.3",
      "resolved": "https://registry.npmjs.org/ngraph.quadtreebh/-/ngraph.quadtreebh-0.0.3.tgz",
      "integrity": "sha1-mu4qCTGxl4DTStg2FulqJTZ1EpU=",
      "requires": {
        "ngraph.random": "0.0.1"
      }
    },
    "ngraph.quadtreebh3d": {
      "version": "0.0.3",
      "resolved": "https://registry.npmjs.org/ngraph.quadtreebh3d/-/ngraph.quadtreebh3d-0.0.3.tgz",
      "integrity": "sha1-eys2vXef62Rnz7d07lnPk7i3Vqg=",
      "requires": {
        "ngraph.random": "0.0.1"
      }
    },
    "ngraph.random": {
      "version": "0.0.1",
      "resolved": "https://registry.npmjs.org/ngraph.random/-/ngraph.random-0.0.1.tgz",
      "integrity": "sha1-wAji67/f+vF+0Q5LvJE+VnFmvPg="
    },
    "three": {
      "version": "0.88.0",
      "resolved": "https://registry.npmjs.org/three/-/three-0.88.0.tgz",
      "integrity": "sha1-QlbC/Djk+yOg0j66K2zOTfjkZtU="
    }
  }
}
