{
  "name": "clean",
  "version": "1.0.0",
  "lockfileVersion": 1,
  "requires": true,
  "dependencies": {
    "d3-binarytree": {
      "version": "0.1.2",
      "resolved": "https://registry.npmjs.org/d3-binarytree/-/d3-binarytree-0.1.2.tgz",
      "integrity": "sha1-Y+J3TxNpG72REqgLXtbpkCsyfwo="
    },
    "d3-collection": {
      "version": "1.0.4",
      "resolved": "https://registry.npmjs.org/d3-collection/-/d3-collection-1.0.4.tgz",
      "integrity": "sha1-NC39EoN8kJdPM/HMCnha6lcNzcI="
    },
    "d3-dispatch": {
      "version": "1.0.3",
      "resolved": "https://registry.npmjs.org/d3-dispatch/-/d3-dispatch-1.0.3.tgz",
      "integrity": "sha1-RuFJHqqbWMNY/OW+TovtYm54cfg="
    },
    "d3-force-3d": {
      "version": "1.0.7",
      "resolved": "https://registry.npmjs.org/d3-force-3d/-/d3-force-3d-1.0.7.tgz",
      "integrity": "sha1-krF/g/eYRyxSvJ8NV1tnHp7lt/w=",
      "requires": {
        "d3-binarytree": "0.1.2",
        "d3-collection": "1.0.4",
        "d3-dispatch": "1.0.3",
        "d3-octree": "0.1.2",
        "d3-quadtree": "1.0.3",
        "d3-timer": "1.0.7"
      }
    },
    "d3-octree": {
      "version": "0.1.2",
      "resolved": "https://registry.npmjs.org/d3-octree/-/d3-octree-0.1.2.tgz",
      "integrity": "sha1-N7+RnfeeZh7aWGWSHrbKfwOJf8w="
    },
    "d3-quadtree": {
      "version": "1.0.3",
      "resolved": "https://registry.npmjs.org/d3-quadtree/-/d3-quadtree-1.0.3.tgz",
      "integrity": "sha1-rHmH4+I/6AWpkPKOG1DTj8uCJDg="
    },
    "d3-timer": {
      "version": "1.0.7",
      "resolved": "https://registry.npmjs.org/d3-timer/-/d3-timer-1.0.7.tgz",
      "integrity": "sha512-vMZXR88XujmG/L5oB96NNKH5lCWwiLM/S2HyyAQLcjWJCloK5shxta4CwOFYLZoY3AWX73v8Lgv4cCAdWtRmOA=="
    },
    "three": {
      "version": "0.88.0",
      "resolved": "https://registry.npmjs.org/three/-/three-0.88.0.tgz",
      "integrity": "sha1-QlbC/Djk+yOg0j66K2zOTfjkZtU="
    }
  }
}
