{
  "requires": true,
  "lockfileVersion": 1,
  "dependencies": {
    "d3-color": {
      "version": "1.0.3",
      "resolved": "https://registry.npmjs.org/d3-color/-/d3-color-1.0.3.tgz",
      "integrity": "sha1-vHZD/KjlOoNH4vva/6I2eWtYUJs="
    },
    "d3-interpolate": {
      "version": "1.1.6",
      "resolved": "https://registry.npmjs.org/d3-interpolate/-/d3-interpolate-1.1.6.tgz",
      "integrity": "sha512-mOnv5a+pZzkNIHtw/V6I+w9Lqm9L5bG3OTXPM5A+QO0yyVMQ4W1uZhR+VOJmazaOZXri2ppbiZ5BUNWT0pFM9A==",
      "requires": {
        "d3-color": "1.0.3"
      }
    },
    "d3-scale-chromatic": {
      "version": "1.1.1",
      "resolved": "https://registry.npmjs.org/d3-scale-chromatic/-/d3-scale-chromatic-1.1.1.tgz",
      "integrity": "sha1-gRQG6OCdq3iknaxKMgR9XT7dDEQ=",
      "requires": {
        "d3-interpolate": "1.1.6"
      }
    },
    "dotparser": {
      "version": "0.1.3",
      "resolved": "https://registry.npmjs.org/dotparser/-/dotparser-0.1.3.tgz",
      "integrity": "sha1-VfN22BYpZ20mVOOysoBr8RBf6wE="
    },
    "element-class": {
      "version": "0.2.2",
      "resolved": "https://registry.npmjs.org/element-class/-/element-class-0.2.2.tgz",
      "integrity": "sha1-nTu9B2f5AT744cjr5yLBQCpgBQ4="
    },
    "insert-css": {
      "version": "0.2.0",
      "resolved": "https://registry.npmjs.org/insert-css/-/insert-css-0.2.0.tgz",
      "integrity": "sha1-0VeJlxZi2YmcKJd/tiINU4HSRRo="
    },
    "minimist": {
      "version": "0.0.8",
      "resolved": "https://registry.npmjs.org/minimist/-/minimist-0.0.8.tgz",
      "integrity": "sha1-hX/Kv8M5fSYluCKCYuhqp6ARsF0="
    },
    "mkdirp": {
      "version": "0.5.1",
      "resolved": "https://registry.npmjs.org/mkdirp/-/mkdirp-0.5.1.tgz",
      "integrity": "sha1-MAV0OOrGz3+MR2fzhkjWaX11yQM=",
      "requires": {
        "minimist": "0.0.8"
      }
    },
    "ngraph.events": {
      "version": "0.0.3",
      "resolved": "https://registry.npmjs.org/ngraph.events/-/ngraph.events-0.0.3.tgz",
      "integrity": "sha1-OPVTFvPSB61jH/lPZiLKjywOh9A="
    },
    "ngraph.expose": {
      "version": "0.0.0",
      "resolved": "https://registry.npmjs.org/ngraph.expose/-/ngraph.expose-0.0.0.tgz",
      "integrity": "sha1-dGw0kDo4SMRdAzsUvGRhnqhf5ao="
    },
    "ngraph.forcelayout": {
      "version": "0.0.22",
      "resolved": "https://registry.npmjs.org/ngraph.forcelayout/-/ngraph.forcelayout-0.0.22.tgz",
      "integrity": "sha1-2sa+5PJBC4J6UfM+OnbTDZkGSec=",
      "requires": {
        "ngraph.events": "0.0.3",
        "ngraph.physics.simulator": "0.0.12"
      }
    },
    "ngraph.forcelayout3d": {
      "version": "0.0.15",
      "resolved": "https://registry.npmjs.org/ngraph.forcelayout3d/-/ngraph.forcelayout3d-0.0.15.tgz",
      "integrity": "sha1-ED+5EnEeQ1MgNcW/GwP8Hu3eKgM=",
      "requires": {
        "ngraph.expose": "0.0.0",
        "ngraph.forcelayout": "0.0.22",
        "ngraph.merge": "0.0.1",
        "ngraph.physics.primitives": "0.0.7",
        "ngraph.quadtreebh3d": "0.0.3",
        "ngraph.random": "0.0.1"
      }
    },
    "ngraph.fromdot": {
      "version": "0.1.6",
      "resolved": "https://registry.npmjs.org/ngraph.fromdot/-/ngraph.fromdot-0.1.6.tgz",
      "integrity": "sha1-77sRUmEhfJjuWmF0FXh07TsOMb0=",
      "requires": {
        "dotparser": "0.1.3",
        "ngraph.graph": "0.0.12"
      }
    },
    "ngraph.graph": {
      "version": "0.0.12",
      "resolved": "https://registry.npmjs.org/ngraph.graph/-/ngraph.graph-0.0.12.tgz",
      "integrity": "sha1-lax3faVn0JZT1K87repb+Rj1uyw=",
      "requires": {
        "ngraph.events": "0.0.3"
      }
    },
    "ngraph.merge": {
      "version": "0.0.1",
      "resolved": "https://registry.npmjs.org/ngraph.merge/-/ngraph.merge-0.0.1.tgz",
      "integrity": "sha1-5OgM43WBo8lrF9VF46Q8hUNLkCU="
    },
    "ngraph.offline.layout": {
      "version": "1.1.1",
      "resolved": "https://registry.npmjs.org/ngraph.offline.layout/-/ngraph.offline.layout-1.1.1.tgz",
      "integrity": "sha1-SBCDhyOzdeXdElXztAWtZIZXNP0=",
      "requires": {
        "mkdirp": "0.5.1",
        "ngraph.forcelayout3d": "0.0.15"
      }
    },
    "ngraph.physics.primitives": {
      "version": "0.0.7",
      "resolved": "https://registry.npmjs.org/ngraph.physics.primitives/-/ngraph.physics.primitives-0.0.7.tgz",
      "integrity": "sha1-Xcnhebofkubex3SwHNaJFBILeVs="
    },
    "ngraph.physics.simulator": {
      "version": "0.0.12",
      "resolved": "https://registry.npmjs.org/ngraph.physics.simulator/-/ngraph.physics.simulator-0.0.12.tgz",
      "integrity": "sha1-JMhZxEDeo2zV2yBbqAoW8SEXQnk=",
      "requires": {
        "ngraph.events": "0.0.3",
        "ngraph.expose": "0.0.0",
        "ngraph.merge": "0.0.1",
        "ngraph.physics.primitives": "0.0.7",
        "ngraph.quadtreebh": "0.0.3",
        "ngraph.random": "0.0.1"
      }
    },
    "ngraph.pixel": {
      "version": "2.4.1",
      "resolved": "https://registry.npmjs.org/ngraph.pixel/-/ngraph.pixel-2.4.1.tgz",
      "integrity": "sha1-n3NEuurGF9okgZII5igldS8EBdE=",
      "requires": {
        "element-class": "0.2.2",
        "insert-css": "0.2.0",
        "ngraph.events": "0.0.3",
        "pixel.layout": "0.1.2",
        "three": "0.73.2",
        "three.fly": "0.1.6"
      }
    },
    "ngraph.quadtreebh": {
      "version": "0.0.3",
      "resolved": "https://registry.npmjs.org/ngraph.quadtreebh/-/ngraph.quadtreebh-0.0.3.tgz",
      "integrity": "sha1-mu4qCTGxl4DTStg2FulqJTZ1EpU=",
      "requires": {
        "ngraph.random": "0.0.1"
      }
    },
    "ngraph.quadtreebh3d": {
      "version": "0.0.3",
      "resolved": "https://registry.npmjs.org/ngraph.quadtreebh3d/-/ngraph.quadtreebh3d-0.0.3.tgz",
      "integrity": "sha1-eys2vXef62Rnz7d07lnPk7i3Vqg=",
      "requires": {
        "ngraph.random": "0.0.1"
      }
    },
    "ngraph.random": {
      "version": "0.0.1",
      "resolved": "https://registry.npmjs.org/ngraph.random/-/ngraph.random-0.0.1.tgz",
      "integrity": "sha1-wAji67/f+vF+0Q5LvJE+VnFmvPg="
    },
    "pixel.layout": {
      "version": "0.1.2",
      "resolved": "https://registry.npmjs.org/pixel.layout/-/pixel.layout-0.1.2.tgz",
      "integrity": "sha1-z2Nhm6+9Xe6RuVLK+zkZyUtY6Cw=",
      "requires": {
        "ngraph.events": "0.0.3",
        "ngraph.forcelayout3d": "0.0.15"
      }
    },
    "three": {
      "version": "0.73.2",
      "resolved": "https://registry.npmjs.org/three/-/three-0.73.2.tgz",
      "integrity": "sha1-Kj66wQ3oob7mUkLjpp/ExBh8lpU="
    },
    "three.fly": {
      "version": "0.1.6",
      "resolved": "https://registry.npmjs.org/three.fly/-/three.fly-0.1.6.tgz",
      "integrity": "sha1-9LOzR91PJuSQNlhpDQJs7l4Frpc=",
      "requires": {
        "ngraph.events": "0.0.3"
      }
    },
    "tinycolor2": {
      "version": "1.4.1",
      "resolved": "https://registry.npmjs.org/tinycolor2/-/tinycolor2-1.4.1.tgz",
      "integrity": "sha1-9PrTM0R7wLB9TcjpIJ2POaisd+g="
    }
  }
}
